
Microsoft Visual Studio Solution File, Format Version 12.00
# Visual Studio 15
VisualStudioVersion = 15.0.26730.12
MinimumVisualStudioVersion = 10.0.40219.1
Project("{FAE04EC0-301F-11D3-BF4B-00C04F79EFBC}") = "DbmsSims", "DbmsSims\DbmsSims.csproj", "{920CC24E-962C-46CE-A672-528838614974}"
EndProject
Global
	GlobalSection(SolutionConfigurationPlatforms) = preSolution
		Debug|Any CPU = Debug|Any CPU
		Release|Any CPU = Release|Any CPU
	EndGlobalSection
	GlobalSection(ProjectConfigurationPlatforms) = postSolution
		{920CC24E-962C-46CE-A672-528838614974}.Debug|Any CPU.ActiveCfg = Debug|Any CPU
		{920CC24E-962C-46CE-A672-528838614974}.Debug|Any CPU.Build.0 = Debug|Any CPU
		{920CC24E-962C-46CE-A672-528838614974}.Release|Any CPU.ActiveCfg = Release|Any CPU
		{920CC24E-962C-46CE-A672-528838614974}.Release|Any CPU.Build.0 = Release|Any CPU
	EndGlobalSection
	GlobalSection(SolutionProperties) = preSolution
		HideSolutionNode = FALSE
	EndGlobalSection
	GlobalSection(ExtensibilityGlobals) = postSolution
		SolutionGuid = {7791AF60-B9A5-4335-8B36-8E533F6DBA7B}
	EndGlobalSection
EndGlobal
